
Microsoft Visual Studio Solution File, Format Version 12.00
# Visual Studio Version 17
VisualStudioVersion = 17.2.32616.157
MinimumVisualStudioVersion = 10.0.40219.1
Project("{FAE04EC0-301F-11D3-BF4B-00C04F79EFBC}") = "CoreKatmanliProje", "CoreKatmanliProje\CoreKatmanliProje.csproj", "{05340A48-A1E0-4485-97FD-DACC9891D1E7}"
EndProject
Project("{FAE04EC0-301F-11D3-BF4B-00C04F79EFBC}") = "CoreKatmanliProje.Data", "CoreKatmanliProje.Data\CoreKatmanliProje.Data.csproj", "{2E41C74D-9317-472F-AC47-02E5B842A657}"
EndProject
Project("{FAE04EC0-301F-11D3-BF4B-00C04F79EFBC}") = "CoreKatmanliProje.Models", "CoreKatmanliProje.Models\CoreKatmanliProje.Models.csproj", "{F313F51B-D675-4389-B0D3-A06D7180897E}"
EndProject
Global
	GlobalSection(SolutionConfigurationPlatforms) = preSolution
		Debug|Any CPU = Debug|Any CPU
		Release|Any CPU = Release|Any CPU
	EndGlobalSection
	GlobalSection(ProjectConfigurationPlatforms) = postSolution
		{05340A48-A1E0-4485-97FD-DACC9891D1E7}.Debug|Any CPU.ActiveCfg = Debug|Any CPU
		{05340A48-A1E0-4485-97FD-DACC9891D1E7}.Debug|Any CPU.Build.0 = Debug|Any CPU
		{05340A48-A1E0-4485-97FD-DACC9891D1E7}.Release|Any CPU.ActiveCfg = Release|Any CPU
		{05340A48-A1E0-4485-97FD-DACC9891D1E7}.Release|Any CPU.Build.0 = Release|Any CPU
		{2E41C74D-9317-472F-AC47-02E5B842A657}.Debug|Any CPU.ActiveCfg = Debug|Any CPU
		{2E41C74D-9317-472F-AC47-02E5B842A657}.Debug|Any CPU.Build.0 = Debug|Any CPU
		{2E41C74D-9317-472F-AC47-02E5B842A657}.Release|Any CPU.ActiveCfg = Release|Any CPU
		{2E41C74D-9317-472F-AC47-02E5B842A657}.Release|Any CPU.Build.0 = Release|Any CPU
		{F313F51B-D675-4389-B0D3-A06D7180897E}.Debug|Any CPU.ActiveCfg = Debug|Any CPU
		{F313F51B-D675-4389-B0D3-A06D7180897E}.Debug|Any CPU.Build.0 = Debug|Any CPU
		{F313F51B-D675-4389-B0D3-A06D7180897E}.Release|Any CPU.ActiveCfg = Release|Any CPU
		{F313F51B-D675-4389-B0D3-A06D7180897E}.Release|Any CPU.Build.0 = Release|Any CPU
	EndGlobalSection
	GlobalSection(SolutionProperties) = preSolution
		HideSolutionNode = FALSE
	EndGlobalSection
	GlobalSection(ExtensibilityGlobals) = postSolution
		SolutionGuid = {009F0C6B-2383-4AB0-9DA7-9A4DC8CDCD52}
	EndGlobalSection
EndGlobal
